
Microsoft Visual Studio Solution File, Format Version 12.00
# Visual Studio 15
VisualStudioVersion = 15.0.27004.2002
MinimumVisualStudioVersion = 10.0.40219.1
Project("{FAE04EC0-301F-11D3-BF4B-00C04F79EFBC}") = "EmotionalRecogntion", "EmotionalRecogntion\EmotionalRecogntion.csproj", "{17F866F0-C60B-4018-A892-B5FF9D2E81FF}"
EndProject
Project("{FAE04EC0-301F-11D3-BF4B-00C04F79EFBC}") = "EmotionalRecogntion.Tests", "EmotionalRecogntion.Tests\EmotionalRecogntion.Tests.csproj", "{81192BC4-DC7A-480B-884A-272F2E04C9B8}"
EndProject
Global
	GlobalSection(SolutionConfigurationPlatforms) = preSolution
		Debug|Any CPU = Debug|Any CPU
		Release|Any CPU = Release|Any CPU
	EndGlobalSection
	GlobalSection(ProjectConfigurationPlatforms) = postSolution
		{17F866F0-C60B-4018-A892-B5FF9D2E81FF}.Debug|Any CPU.ActiveCfg = Debug|Any CPU
		{17F866F0-C60B-4018-A892-B5FF9D2E81FF}.Debug|Any CPU.Build.0 = Debug|Any CPU
		{17F866F0-C60B-4018-A892-B5FF9D2E81FF}.Release|Any CPU.ActiveCfg = Release|Any CPU
		{17F866F0-C60B-4018-A892-B5FF9D2E81FF}.Release|Any CPU.Build.0 = Release|Any CPU
		{81192BC4-DC7A-480B-884A-272F2E04C9B8}.Debug|Any CPU.ActiveCfg = Debug|Any CPU
		{81192BC4-DC7A-480B-884A-272F2E04C9B8}.Debug|Any CPU.Build.0 = Debug|Any CPU
		{81192BC4-DC7A-480B-884A-272F2E04C9B8}.Release|Any CPU.ActiveCfg = Release|Any CPU
		{81192BC4-DC7A-480B-884A-272F2E04C9B8}.Release|Any CPU.Build.0 = Release|Any CPU
	EndGlobalSection
	GlobalSection(SolutionProperties) = preSolution
		HideSolutionNode = FALSE
	EndGlobalSection
	GlobalSection(ExtensibilityGlobals) = postSolution
		SolutionGuid = {F3A720F2-EEF8-4E3C-9ECD-D16CE3EFE7C5}
	EndGlobalSection
EndGlobal
